
Microsoft Visual Studio Solution File, Format Version 12.00
# Visual Studio Version 17
VisualStudioVersion = 17.14.36414.22
MinimumVisualStudioVersion = 10.0.40219.1
Project("{2150E333-8FDC-42A3-9474-1A3956D46DE8}") = "Task0", "Task0", "{02EA681E-C7D8-13C7-8484-4AC65E1B71E8}"
EndProject
Project("{FAE04EC0-301F-11D3-BF4B-00C04F79EFBC}") = "Tyuiu.SivolapEM.Sprint0.Task0.V0", "Tyuiu.SivolapEM.Sprint0.Task0.V0\Tyuiu.SivolapEM.Sprint0.Task0.V0.csproj", "{30EF8466-6FBB-41A7-9F62-B8A41523AB5B}"
EndProject
Project("{2150E333-8FDC-42A3-9474-1A3956D46DE8}") = "Task1", "Task1", "{89F3223C-0FED-4190-BA5A-2A4C00227F7B}"
EndProject
Project("{FAE04EC0-301F-11D3-BF4B-00C04F79EFBC}") = "Tyuiu.SivolapEM.Sprint0.Task1.V0", "Tyuiu.SivolapEM.Sprint0.Task1.V0\Tyuiu.SivolapEM.Sprint0.Task1.V0.csproj", "{72EF5F3B-E877-4C8C-8A97-499710B56E29}"
EndProject
Project("{2150E333-8FDC-42A3-9474-1A3956D46DE8}") = "Task2", "Task2", "{99B15F34-D5EB-45A3-869D-17607653A0F7}"
EndProject
Project("{FAE04EC0-301F-11D3-BF4B-00C04F79EFBC}") = "Tyuiu.SivolapEM.Sprint0.Task2.V0", "Tyuiu.SivolapEM.Sprint0.Task2.V0\Tyuiu.SivolapEM.Sprint0.Task2.V0.csproj", "{33796E3C-0830-4817-8BAC-C5B9679C2877}"
EndProject
Project("{FAE04EC0-301F-11D3-BF4B-00C04F79EFBC}") = "Tyuiu.SivolapEM.Sprint0.Task2.V0.Lib", "Tyuiu.SivolapEM.Sprint0.Task2.V0.Lib\Tyuiu.SivolapEM.Sprint0.Task2.V0.Lib.csproj", "{284F77AC-CA1B-4C7E-9752-C01292DF9905}"
EndProject
Project("{FAE04EC0-301F-11D3-BF4B-00C04F79EFBC}") = "Tyuiu.SivolapEM.Sprint0.Task2.V0.Test", "Tyuiu.SivolapEM.Sprint0.Task2.V0.Test\Tyuiu.SivolapEM.Sprint0.Task2.V0.Test.csproj", "{520CF14E-2673-45A6-83C1-6E718BA7B909}"
EndProject
Project("{2150E333-8FDC-42A3-9474-1A3956D46DE8}") = "Task3", "Task3", "{5B395B72-8F07-4B99-9238-C545381FA90F}"
EndProject
Project("{FAE04EC0-301F-11D3-BF4B-00C04F79EFBC}") = "Tyuiu.SivolapEM.Sprint0.Task3.V0", "Tyuiu.SivolapEM.Sprint0.Task3.V0\Tyuiu.SivolapEM.Sprint0.Task3.V0.csproj", "{453D9E64-7968-4B07-8E40-56008506760A}"
EndProject
Project("{FAE04EC0-301F-11D3-BF4B-00C04F79EFBC}") = "Tyuiu.SivolapEM.Sprint0.Task3.V0.Test", "Tyuiu.SivolapEM.Sprint0.Task3.V0.Test\Tyuiu.SivolapEM.Sprint0.Task3.V0.Test.csproj", "{21CDA8A6-86C6-4090-86B7-1C18B34ACB84}"
EndProject
Project("{FAE04EC0-301F-11D3-BF4B-00C04F79EFBC}") = "Tyuiu.SivolapEM.Sprint0.Task3.V0.Lib", "Tyuiu.SivolapEM.Sprint0.Task3.V0.Lib\Tyuiu.SivolapEM.Sprint0.Task3.V0.Lib.csproj", "{96894179-2635-44DA-9CA7-8AC5E81250A2}"
EndProject
Global
	GlobalSection(SolutionConfigurationPlatforms) = preSolution
		Debug|Any CPU = Debug|Any CPU
		Release|Any CPU = Release|Any CPU
	EndGlobalSection
	GlobalSection(ProjectConfigurationPlatforms) = postSolution
		{30EF8466-6FBB-41A7-9F62-B8A41523AB5B}.Debug|Any CPU.ActiveCfg = Debug|Any CPU
		{30EF8466-6FBB-41A7-9F62-B8A41523AB5B}.Debug|Any CPU.Build.0 = Debug|Any CPU
		{30EF8466-6FBB-41A7-9F62-B8A41523AB5B}.Release|Any CPU.ActiveCfg = Release|Any CPU
		{30EF8466-6FBB-41A7-9F62-B8A41523AB5B}.Release|Any CPU.Build.0 = Release|Any CPU
		{72EF5F3B-E877-4C8C-8A97-499710B56E29}.Debug|Any CPU.ActiveCfg = Debug|Any CPU
		{72EF5F3B-E877-4C8C-8A97-499710B56E29}.Debug|Any CPU.Build.0 = Debug|Any CPU
		{72EF5F3B-E877-4C8C-8A97-499710B56E29}.Release|Any CPU.ActiveCfg = Release|Any CPU
		{72EF5F3B-E877-4C8C-8A97-499710B56E29}.Release|Any CPU.Build.0 = Release|Any CPU
		{33796E3C-0830-4817-8BAC-C5B9679C2877}.Debug|Any CPU.ActiveCfg = Debug|Any CPU
		{33796E3C-0830-4817-8BAC-C5B9679C2877}.Debug|Any CPU.Build.0 = Debug|Any CPU
		{33796E3C-0830-4817-8BAC-C5B9679C2877}.Release|Any CPU.ActiveCfg = Release|Any CPU
		{33796E3C-0830-4817-8BAC-C5B9679C2877}.Release|Any CPU.Build.0 = Release|Any CPU
		{284F77AC-CA1B-4C7E-9752-C01292DF9905}.Debug|Any CPU.ActiveCfg = Debug|Any CPU
		{284F77AC-CA1B-4C7E-9752-C01292DF9905}.Debug|Any CPU.Build.0 = Debug|Any CPU
		{284F77AC-CA1B-4C7E-9752-C01292DF9905}.Release|Any CPU.ActiveCfg = Release|Any CPU
		{284F77AC-CA1B-4C7E-9752-C01292DF9905}.Release|Any CPU.Build.0 = Release|Any CPU
		{520CF14E-2673-45A6-83C1-6E718BA7B909}.Debug|Any CPU.ActiveCfg = Debug|Any CPU
		{520CF14E-2673-45A6-83C1-6E718BA7B909}.Debug|Any CPU.Build.0 = Debug|Any CPU
		{520CF14E-2673-45A6-83C1-6E718BA7B909}.Release|Any CPU.ActiveCfg = Release|Any CPU
		{520CF14E-2673-45A6-83C1-6E718BA7B909}.Release|Any CPU.Build.0 = Release|Any CPU
		{453D9E64-7968-4B07-8E40-56008506760A}.Debug|Any CPU.ActiveCfg = Debug|Any CPU
		{453D9E64-7968-4B07-8E40-56008506760A}.Debug|Any CPU.Build.0 = Debug|Any CPU
		{453D9E64-7968-4B07-8E40-56008506760A}.Release|Any CPU.ActiveCfg = Release|Any CPU
		{453D9E64-7968-4B07-8E40-56008506760A}.Release|Any CPU.Build.0 = Release|Any CPU
		{21CDA8A6-86C6-4090-86B7-1C18B34ACB84}.Debug|Any CPU.ActiveCfg = Debug|Any CPU
		{21CDA8A6-86C6-4090-86B7-1C18B34ACB84}.Debug|Any CPU.Build.0 = Debug|Any CPU
		{21CDA8A6-86C6-4090-86B7-1C18B34ACB84}.Release|Any CPU.ActiveCfg = Release|Any CPU
		{21CDA8A6-86C6-4090-86B7-1C18B34ACB84}.Release|Any CPU.Build.0 = Release|Any CPU
		{96894179-2635-44DA-9CA7-8AC5E81250A2}.Debug|Any CPU.ActiveCfg = Debug|Any CPU
		{96894179-2635-44DA-9CA7-8AC5E81250A2}.Debug|Any CPU.Build.0 = Debug|Any CPU
		{96894179-2635-44DA-9CA7-8AC5E81250A2}.Release|Any CPU.ActiveCfg = Release|Any CPU
		{96894179-2635-44DA-9CA7-8AC5E81250A2}.Release|Any CPU.Build.0 = Release|Any CPU
	EndGlobalSection
	GlobalSection(SolutionProperties) = preSolution
		HideSolutionNode = FALSE
	EndGlobalSection
	GlobalSection(NestedProjects) = preSolution
		{30EF8466-6FBB-41A7-9F62-B8A41523AB5B} = {02EA681E-C7D8-13C7-8484-4AC65E1B71E8}
		{72EF5F3B-E877-4C8C-8A97-499710B56E29} = {89F3223C-0FED-4190-BA5A-2A4C00227F7B}
		{33796E3C-0830-4817-8BAC-C5B9679C2877} = {99B15F34-D5EB-45A3-869D-17607653A0F7}
		{284F77AC-CA1B-4C7E-9752-C01292DF9905} = {99B15F34-D5EB-45A3-869D-17607653A0F7}
		{520CF14E-2673-45A6-83C1-6E718BA7B909} = {99B15F34-D5EB-45A3-869D-17607653A0F7}
		{453D9E64-7968-4B07-8E40-56008506760A} = {5B395B72-8F07-4B99-9238-C545381FA90F}
		{21CDA8A6-86C6-4090-86B7-1C18B34ACB84} = {5B395B72-8F07-4B99-9238-C545381FA90F}
		{96894179-2635-44DA-9CA7-8AC5E81250A2} = {5B395B72-8F07-4B99-9238-C545381FA90F}
	EndGlobalSection
	GlobalSection(ExtensibilityGlobals) = postSolution
		SolutionGuid = {E2788C76-672E-462D-B307-99A6E9865179}
	EndGlobalSection
EndGlobal
